
Microsoft Visual Studio Solution File, Format Version 12.00
# Visual Studio Version 16
VisualStudioVersion = 16.0.31105.61
MinimumVisualStudioVersion = 10.0.40219.1
Project("{FAE04EC0-301F-11D3-BF4B-00C04F79EFBC}") = "Ejercicio1", "Ejercicio1.csproj", "{1D3A4EE2-9D1B-4D35-955D-238609CB685D}"
EndProject
Global
	GlobalSection(SolutionConfigurationPlatforms) = preSolution
		Debug|Any CPU = Debug|Any CPU
		Release|Any CPU = Release|Any CPU
	EndGlobalSection
	GlobalSection(ProjectConfigurationPlatforms) = postSolution
		{1D3A4EE2-9D1B-4D35-955D-238609CB685D}.Debug|Any CPU.ActiveCfg = Debug|Any CPU
		{1D3A4EE2-9D1B-4D35-955D-238609CB685D}.Debug|Any CPU.Build.0 = Debug|Any CPU
		{1D3A4EE2-9D1B-4D35-955D-238609CB685D}.Release|Any CPU.ActiveCfg = Release|Any CPU
		{1D3A4EE2-9D1B-4D35-955D-238609CB685D}.Release|Any CPU.Build.0 = Release|Any CPU
	EndGlobalSection
	GlobalSection(SolutionProperties) = preSolution
		HideSolutionNode = FALSE
	EndGlobalSection
	GlobalSection(ExtensibilityGlobals) = postSolution
		SolutionGuid = {FDED8E85-F6F7-4C28-AC95-50643A778572}
	EndGlobalSection
EndGlobal
